
Microsoft Visual Studio Solution File, Format Version 12.00
# Visual Studio Version 17
VisualStudioVersion = 17.9.34714.143
MinimumVisualStudioVersion = 10.0.40219.1
Project("{8BC9CEB8-8B4A-11D0-8D11-00A0C91BC942}") = "Journal", "Journal.vcxproj", "{527D97F1-AE87-4291-8071-6A9CA5948F27}"
EndProject
Global
	GlobalSection(SolutionConfigurationPlatforms) = preSolution
		Debug|x64 = Debug|x64
		Debug|x86 = Debug|x86
		Release|x64 = Release|x64
		Release|x86 = Release|x86
	EndGlobalSection
	GlobalSection(ProjectConfigurationPlatforms) = postSolution
		{527D97F1-AE87-4291-8071-6A9CA5948F27}.Debug|x64.ActiveCfg = Debug|x64
		{527D97F1-AE87-4291-8071-6A9CA5948F27}.Debug|x64.Build.0 = Debug|x64
		{527D97F1-AE87-4291-8071-6A9CA5948F27}.Debug|x86.ActiveCfg = Debug|Win32
		{527D97F1-AE87-4291-8071-6A9CA5948F27}.Debug|x86.Build.0 = Debug|Win32
		{527D97F1-AE87-4291-8071-6A9CA5948F27}.Release|x64.ActiveCfg = Release|x64
		{527D97F1-AE87-4291-8071-6A9CA5948F27}.Release|x64.Build.0 = Release|x64
		{527D97F1-AE87-4291-8071-6A9CA5948F27}.Release|x86.ActiveCfg = Release|Win32
		{527D97F1-AE87-4291-8071-6A9CA5948F27}.Release|x86.Build.0 = Release|Win32
	EndGlobalSection
	GlobalSection(SolutionProperties) = preSolution
		HideSolutionNode = FALSE
	EndGlobalSection
	GlobalSection(ExtensibilityGlobals) = postSolution
		SolutionGuid = {2EA62649-D91E-4554-99B7-723B0827B647}
	EndGlobalSection
EndGlobal
